// !$*UTF8*$!
{
	archiveVersion = 1;
	classes = {
	};
	objectVersion = 55;
	objects = {

/* Begin PBXBuildFile section */
		74A0167826B706FD004DFEBE /* SKImageGridViewModel.swift in Sources */ = {isa = PBXBuildFile; fileRef = 74A0167726B706FD004DFEBE /* SKImageGridViewModel.swift */; };
		74A0167A26B70B28004DFEBE /* MapScene.swift in Sources */ = {isa = PBXBuildFile; fileRef = 74A0167926B70B28004DFEBE /* MapScene.swift */; };
		74A0167C26B70B79004DFEBE /* CGSizeExtension.swift in Sources */ = {isa = PBXBuildFile; fileRef = 74A0167B26B70B79004DFEBE /* CGSizeExtension.swift */; };
		74A0167E26B70BE6004DFEBE /* CGPointExtension.swift in Sources */ = {isa = PBXBuildFile; fileRef = 74A0167D26B70BE6004DFEBE /* CGPointExtension.swift */; };
		74A0168026B70D45004DFEBE /* MapGridNode.swift in Sources */ = {isa = PBXBuildFile; fileRef = 74A0167F26B70D45004DFEBE /* MapGridNode.swift */; };
		74A0168226B71241004DFEBE /* ImagePicker.swift in Sources */ = {isa = PBXBuildFile; fileRef = 74A0168126B71241004DFEBE /* ImagePicker.swift */; };
		74A0168426B71269004DFEBE /* SteppableSlider.swift in Sources */ = {isa = PBXBuildFile; fileRef = 74A0168326B71269004DFEBE /* SteppableSlider.swift */; };
		74A0168626B712BE004DFEBE /* ImageNode.swift in Sources */ = {isa = PBXBuildFile; fileRef = 74A0168526B712BE004DFEBE /* ImageNode.swift */; };
		74A0168726B717A1004DFEBE /* SKImageGridViewModel.swift in Sources */ = {isa = PBXBuildFile; fileRef = 74A0167726B706FD004DFEBE /* SKImageGridViewModel.swift */; };
		74A0168A26B75DFA004DFEBE /* XTileNode.swift in Sources */ = {isa = PBXBuildFile; fileRef = 74A0168926B75DFA004DFEBE /* XTileNode.swift */; };
		74A8966826B4563F00E828FF /* SKImageGridApp.swift in Sources */ = {isa = PBXBuildFile; fileRef = 74A8965A26B4563E00E828FF /* SKImageGridApp.swift */; };
		74A8966926B4563F00E828FF /* SKImageGridApp.swift in Sources */ = {isa = PBXBuildFile; fileRef = 74A8965A26B4563E00E828FF /* SKImageGridApp.swift */; };
		74A8966A26B4563F00E828FF /* ContentView.swift in Sources */ = {isa = PBXBuildFile; fileRef = 74A8965B26B4563E00E828FF /* ContentView.swift */; };
		74A8966B26B4563F00E828FF /* ContentView.swift in Sources */ = {isa = PBXBuildFile; fileRef = 74A8965B26B4563E00E828FF /* ContentView.swift */; };
		74A8966C26B4563F00E828FF /* Assets.xcassets in Resources */ = {isa = PBXBuildFile; fileRef = 74A8965C26B4563F00E828FF /* Assets.xcassets */; };
		74A8966D26B4563F00E828FF /* Assets.xcassets in Resources */ = {isa = PBXBuildFile; fileRef = 74A8965C26B4563F00E828FF /* Assets.xcassets */; };
/* End PBXBuildFile section */

/* Begin PBXFileReference section */
		7442980826B7039E001C63BA /* SKImageGrid (iOS).entitlements */ = {isa = PBXFileReference; lastKnownFileType = text.plist.entitlements; path = "SKImageGrid (iOS).entitlements"; sourceTree = "<group>"; };
		74A0167726B706FD004DFEBE /* SKImageGridViewModel.swift */ = {isa = PBXFileReference; lastKnownFileType = sourcecode.swift; path = SKImageGridViewModel.swift; sourceTree = "<group>"; };
		74A0167926B70B28004DFEBE /* MapScene.swift */ = {isa = PBXFileReference; lastKnownFileType = sourcecode.swift; path = MapScene.swift; sourceTree = "<group>"; };
		74A0167B26B70B79004DFEBE /* CGSizeExtension.swift */ = {isa = PBXFileReference; lastKnownFileType = sourcecode.swift; path = CGSizeExtension.swift; sourceTree = "<group>"; };
		74A0167D26B70BE6004DFEBE /* CGPointExtension.swift */ = {isa = PBXFileReference; lastKnownFileType = sourcecode.swift; path = CGPointExtension.swift; sourceTree = "<group>"; };
		74A0167F26B70D45004DFEBE /* MapGridNode.swift */ = {isa = PBXFileReference; lastKnownFileType = sourcecode.swift; path = MapGridNode.swift; sourceTree = "<group>"; };
		74A0168126B71241004DFEBE /* ImagePicker.swift */ = {isa = PBXFileReference; lastKnownFileType = sourcecode.swift; path = ImagePicker.swift; sourceTree = "<group>"; };
		74A0168326B71269004DFEBE /* SteppableSlider.swift */ = {isa = PBXFileReference; lastKnownFileType = sourcecode.swift; path = SteppableSlider.swift; sourceTree = "<group>"; };
		74A0168526B712BE004DFEBE /* ImageNode.swift */ = {isa = PBXFileReference; lastKnownFileType = sourcecode.swift; path = ImageNode.swift; sourceTree = "<group>"; };
		74A0168926B75DFA004DFEBE /* XTileNode.swift */ = {isa = PBXFileReference; lastKnownFileType = sourcecode.swift; path = XTileNode.swift; sourceTree = "<group>"; };
		74A8965A26B4563E00E828FF /* SKImageGridApp.swift */ = {isa = PBXFileReference; lastKnownFileType = sourcecode.swift; path = SKImageGridApp.swift; sourceTree = "<group>"; };
		74A8965B26B4563E00E828FF /* ContentView.swift */ = {isa = PBXFileReference; lastKnownFileType = sourcecode.swift; path = ContentView.swift; sourceTree = "<group>"; };
		74A8965C26B4563F00E828FF /* Assets.xcassets */ = {isa = PBXFileReference; lastKnownFileType = folder.assetcatalog; path = Assets.xcassets; sourceTree = "<group>"; };
		74A8966126B4563F00E828FF /* SKImageGrid.app */ = {isa = PBXFileReference; explicitFileType = wrapper.application; includeInIndex = 0; path = SKImageGrid.app; sourceTree = BUILT_PRODUCTS_DIR; };
		74A8966726B4563F00E828FF /* SKImageGrid.app */ = {isa = PBXFileReference; explicitFileType = wrapper.application; includeInIndex = 0; path = SKImageGrid.app; sourceTree = BUILT_PRODUCTS_DIR; };
/* End PBXFileReference section */

/* Begin PBXFrameworksBuildPhase section */
		74A8965E26B4563F00E828FF /* Frameworks */ = {
			isa = PBXFrameworksBuildPhase;
			buildActionMask = 2147483647;
			files = (
			);
			runOnlyForDeploymentPostprocessing = 0;
		};
		74A8966426B4563F00E828FF /* Frameworks */ = {
			isa = PBXFrameworksBuildPhase;
			buildActionMask = 2147483647;
			files = (
			);
			runOnlyForDeploymentPostprocessing = 0;
		};
/* End PBXFrameworksBuildPhase section */

/* Begin PBXGroup section */
		7442980526B70311001C63BA /* Views */ = {
			isa = PBXGroup;
			children = (
				74A0167626B706E1004DFEBE /* ViewModels */,
				74A0167426B706C4004DFEBE /* Sprites */,
				74A0168126B71241004DFEBE /* ImagePicker.swift */,
				74A0168326B71269004DFEBE /* SteppableSlider.swift */,
			);
			path = Views;
			sourceTree = "<group>";
		};
		7442980626B70323001C63BA /* Models */ = {
			isa = PBXGroup;
			children = (
			);
			path = Models;
			sourceTree = "<group>";
		};
		7442980726B70329001C63BA /* Extensions */ = {
			isa = PBXGroup;
			children = (
				74A0167B26B70B79004DFEBE /* CGSizeExtension.swift */,
				74A0167D26B70BE6004DFEBE /* CGPointExtension.swift */,
			);
			path = Extensions;
			sourceTree = "<group>";
		};
		74A0167426B706C4004DFEBE /* Sprites */ = {
			isa = PBXGroup;
			children = (
				74A0167926B70B28004DFEBE /* MapScene.swift */,
				74A0167F26B70D45004DFEBE /* MapGridNode.swift */,
				74A0168526B712BE004DFEBE /* ImageNode.swift */,
				74A0168926B75DFA004DFEBE /* XTileNode.swift */,
			);
			path = Sprites;
			sourceTree = "<group>";
		};
		74A0167626B706E1004DFEBE /* ViewModels */ = {
			isa = PBXGroup;
			children = (
				74A0167726B706FD004DFEBE /* SKImageGridViewModel.swift */,
			);
			path = ViewModels;
			sourceTree = "<group>";
		};
		74A8965426B4563D00E828FF = {
			isa = PBXGroup;
			children = (
				7442980826B7039E001C63BA /* SKImageGrid (iOS).entitlements */,
				74A8965926B4563E00E828FF /* Shared */,
				74A8966226B4563F00E828FF /* Products */,
			);
			sourceTree = "<group>";
		};
		74A8965926B4563E00E828FF /* Shared */ = {
			isa = PBXGroup;
			children = (
				7442980726B70329001C63BA /* Extensions */,
				7442980526B70311001C63BA /* Views */,
				7442980626B70323001C63BA /* Models */,
				74A8965A26B4563E00E828FF /* SKImageGridApp.swift */,
				74A8965B26B4563E00E828FF /* ContentView.swift */,
				74A8965C26B4563F00E828FF /* Assets.xcassets */,
			);
			path = Shared;
			sourceTree = "<group>";
		};
		74A8966226B4563F00E828FF /* Products */ = {
			isa = PBXGroup;
			children = (
				74A8966126B4563F00E828FF /* SKImageGrid.app */,
				74A8966726B4563F00E828FF /* SKImageGrid.app */,
			);
			name = Products;
			sourceTree = "<group>";
		};
/* End PBXGroup section */

/* Begin PBXNativeTarget section */
		74A8966026B4563F00E828FF /* SKImageGrid (iOS) */ = {
			isa = PBXNativeTarget;
			buildConfigurationList = 74A8967026B4563F00E828FF /* Build configuration list for PBXNativeTarget "SKImageGrid (iOS)" */;
			buildPhases = (
				74A8965D26B4563F00E828FF /* Sources */,
				74A8965E26B4563F00E828FF /* Frameworks */,
				74A8965F26B4563F00E828FF /* Resources */,
			);
			buildRules = (
			);
			dependencies = (
			);
			name = "SKImageGrid (iOS)";
			productName = "SKImageGrid (iOS)";
			productReference = 74A8966126B4563F00E828FF /* SKImageGrid.app */;
			productType = "com.apple.product-type.application";
		};
		74A8966626B4563F00E828FF /* SKImageGrid (macOS) */ = {
			isa = PBXNativeTarget;
			buildConfigurationList = 74A8967326B4563F00E828FF /* Build configuration list for PBXNativeTarget "SKImageGrid (macOS)" */;
			buildPhases = (
				74A8966326B4563F00E828FF /* Sources */,
				74A8966426B4563F00E828FF /* Frameworks */,
				74A8966526B4563F00E828FF /* Resources */,
			);
			buildRules = (
			);
			dependencies = (
			);
			name = "SKImageGrid (macOS)";
			productName = "SKImageGrid (macOS)";
			productReference = 74A8966726B4563F00E828FF /* SKImageGrid.app */;
			productType = "com.apple.product-type.application";
		};
/* End PBXNativeTarget section */

/* Begin PBXProject section */
		74A8965526B4563D00E828FF /* Project object */ = {
			isa = PBXProject;
			attributes = {
				BuildIndependentTargetsInParallel = 1;
				LastSwiftUpdateCheck = 1300;
				LastUpgradeCheck = 1300;
				TargetAttributes = {
					74A8966026B4563F00E828FF = {
						CreatedOnToolsVersion = 13.0;
					};
					74A8966626B4563F00E828FF = {
						CreatedOnToolsVersion = 13.0;
					};
				};
			};
			buildConfigurationList = 74A8965826B4563D00E828FF /* Build configuration list for PBXProject "SKImageGrid" */;
			compatibilityVersion = "Xcode 13.0";
			developmentRegion = en;
			hasScannedForEncodings = 0;
			knownRegions = (
				en,
				Base,
			);
			mainGroup = 74A8965426B4563D00E828FF;
			productRefGroup = 74A8966226B4563F00E828FF /* Products */;
			projectDirPath = "";
			projectRoot = "";
			targets = (
				74A8966026B4563F00E828FF /* SKImageGrid (iOS) */,
				74A8966626B4563F00E828FF /* SKImageGrid (macOS) */,
			);
		};
/* End PBXProject section */

/* Begin PBXResourcesBuildPhase section */
		74A8965F26B4563F00E828FF /* Resources */ = {
			isa = PBXResourcesBuildPhase;
			buildActionMask = 2147483647;
			files = (
				74A8966C26B4563F00E828FF /* Assets.xcassets in Resources */,
			);
			runOnlyForDeploymentPostprocessing = 0;
		};
		74A8966526B4563F00E828FF /* Resources */ = {
			isa = PBXResourcesBuildPhase;
			buildActionMask = 2147483647;
			files = (
				74A8966D26B4563F00E828FF /* Assets.xcassets in Resources */,
			);
			runOnlyForDeploymentPostprocessing = 0;
		};
/* End PBXResourcesBuildPhase section */

/* Begin PBXSourcesBuildPhase section */
		74A8965D26B4563F00E828FF /* Sources */ = {
			isa = PBXSourcesBuildPhase;
			buildActionMask = 2147483647;
			files = (
				74A8966A26B4563F00E828FF /* ContentView.swift in Sources */,
				74A0168626B712BE004DFEBE /* ImageNode.swift in Sources */,
				74A0167A26B70B28004DFEBE /* MapScene.swift in Sources */,
				74A0167E26B70BE6004DFEBE /* CGPointExtension.swift in Sources */,
				74A0168426B71269004DFEBE /* SteppableSlider.swift in Sources */,
				74A0167C26B70B79004DFEBE /* CGSizeExtension.swift in Sources */,
				74A0168026B70D45004DFEBE /* MapGridNode.swift in Sources */,
				74A0168A26B75DFA004DFEBE /* XTileNode.swift in Sources */,
				74A0168226B71241004DFEBE /* ImagePicker.swift in Sources */,
				74A8966826B4563F00E828FF /* SKImageGridApp.swift in Sources */,
				74A0167826B706FD004DFEBE /* SKImageGridViewModel.swift in Sources */,
			);
			runOnlyForDeploymentPostprocessing = 0;
		};
		74A8966326B4563F00E828FF /* Sources */ = {
			isa = PBXSourcesBuildPhase;
			buildActionMask = 2147483647;
			files = (
				74A8966B26B4563F00E828FF /* ContentView.swift in Sources */,
				74A8966926B4563F00E828FF /* SKImageGridApp.swift in Sources */,
				74A0168726B717A1004DFEBE /* SKImageGridViewModel.swift in Sources */,
			);
			runOnlyForDeploymentPostprocessing = 0;
		};
/* End PBXSourcesBuildPhase section */

/* Begin XCBuildConfiguration section */
		74A8966E26B4563F00E828FF /* Debug */ = {
			isa = XCBuildConfiguration;
			buildSettings = {
				ALWAYS_SEARCH_USER_PATHS = NO;
				CLANG_ANALYZER_NONNULL = YES;
				CLANG_ANALYZER_NUMBER_OBJECT_CONVERSION = YES_AGGRESSIVE;
				CLANG_CXX_LANGUAGE_STANDARD = "gnu++17";
				CLANG_CXX_LIBRARY = "libc++";
				CLANG_ENABLE_MODULES = YES;
				CLANG_ENABLE_OBJC_ARC = YES;
				CLANG_ENABLE_OBJC_WEAK = YES;
				CLANG_WARN_BLOCK_CAPTURE_AUTORELEASING = YES;
				CLANG_WARN_BOOL_CONVERSION = YES;
				CLANG_WARN_COMMA = YES;
				CLANG_WARN_CONSTANT_CONVERSION = YES;
				CLANG_WARN_DEPRECATED_OBJC_IMPLEMENTATIONS = YES;
				CLANG_WARN_DIRECT_OBJC_ISA_USAGE = YES_ERROR;
				CLANG_WARN_DOCUMENTATION_COMMENTS = YES;
				CLANG_WARN_EMPTY_BODY = YES;
				CLANG_WARN_ENUM_CONVERSION = YES;
				CLANG_WARN_INFINITE_RECURSION = YES;
				CLANG_WARN_INT_CONVERSION = YES;
				CLANG_WARN_NON_LITERAL_NULL_CONVERSION = YES;
				CLANG_WARN_OBJC_IMPLICIT_RETAIN_SELF = YES;
				CLANG_WARN_OBJC_LITERAL_CONVERSION = YES;
				CLANG_WARN_OBJC_ROOT_CLASS = YES_ERROR;
				CLANG_WARN_QUOTED_INCLUDE_IN_FRAMEWORK_HEADER = YES;
				CLANG_WARN_RANGE_LOOP_ANALYSIS = YES;
				CLANG_WARN_STRICT_PROTOTYPES = YES;
				CLANG_WARN_SUSPICIOUS_MOVE = YES;
				CLANG_WARN_UNGUARDED_AVAILABILITY = YES_AGGRESSIVE;
				CLANG_WARN_UNREACHABLE_CODE = YES;
				CLANG_WARN__DUPLICATE_METHOD_MATCH = YES;
				COPY_PHASE_STRIP = NO;
				DEBUG_INFORMATION_FORMAT = dwarf;
				ENABLE_STRICT_OBJC_MSGSEND = YES;
				ENABLE_TESTABILITY = YES;
				GCC_C_LANGUAGE_STANDARD = gnu11;
				GCC_DYNAMIC_NO_PIC = NO;
				GCC_NO_COMMON_BLOCKS = YES;
				GCC_OPTIMIZATION_LEVEL = 0;
				GCC_PREPROCESSOR_DEFINITIONS = (
					"DEBUG=1",
					"$(inherited)",
				);
				GCC_WARN_64_TO_32_BIT_CONVERSION = YES;
				GCC_WARN_ABOUT_RETURN_TYPE = YES_ERROR;
				GCC_WARN_UNDECLARED_SELECTOR = YES;
				GCC_WARN_UNINITIALIZED_AUTOS = YES_AGGRESSIVE;
				GCC_WARN_UNUSED_FUNCTION = YES;
				GCC_WARN_UNUSED_VARIABLE = YES;
				MTL_ENABLE_DEBUG_INFO = INCLUDE_SOURCE;
				MTL_FAST_MATH = YES;
				ONLY_ACTIVE_ARCH = YES;
				SWIFT_ACTIVE_COMPILATION_CONDITIONS = DEBUG;
				SWIFT_OPTIMIZATION_LEVEL = "-Onone";
			};
			name = Debug;
		};
		74A8966F26B4563F00E828FF /* Release */ = {
			isa = XCBuildConfiguration;
			buildSettings = {
				ALWAYS_SEARCH_USER_PATHS = NO;
				CLANG_ANALYZER_NONNULL = YES;
				CLANG_ANALYZER_NUMBER_OBJECT_CONVERSION = YES_AGGRESSIVE;
				CLANG_CXX_LANGUAGE_STANDARD = "gnu++17";
				CLANG_CXX_LIBRARY = "libc++";
				CLANG_ENABLE_MODULES = YES;
				CLANG_ENABLE_OBJC_ARC = YES;
				CLANG_ENABLE_OBJC_WEAK = YES;
				CLANG_WARN_BLOCK_CAPTURE_AUTORELEASING = YES;
				CLANG_WARN_BOOL_CONVERSION = YES;
				CLANG_WARN_COMMA = YES;
				CLANG_WARN_CONSTANT_CONVERSION = YES;
				CLANG_WARN_DEPRECATED_OBJC_IMPLEMENTATIONS = YES;
				CLANG_WARN_DIRECT_OBJC_ISA_USAGE = YES_ERROR;
				CLANG_WARN_DOCUMENTATION_COMMENTS = YES;
				CLANG_WARN_EMPTY_BODY = YES;
				CLANG_WARN_ENUM_CONVERSION = YES;
				CLANG_WARN_INFINITE_RECURSION = YES;
				CLANG_WARN_INT_CONVERSION = YES;
				CLANG_WARN_NON_LITERAL_NULL_CONVERSION = YES;
				CLANG_WARN_OBJC_IMPLICIT_RETAIN_SELF = YES;
				CLANG_WARN_OBJC_LITERAL_CONVERSION = YES;
				CLANG_WARN_OBJC_ROOT_CLASS = YES_ERROR;
				CLANG_WARN_QUOTED_INCLUDE_IN_FRAMEWORK_HEADER = YES;
				CLANG_WARN_RANGE_LOOP_ANALYSIS = YES;
				CLANG_WARN_STRICT_PROTOTYPES = YES;
				CLANG_WARN_SUSPICIOUS_MOVE = YES;
				CLANG_WARN_UNGUARDED_AVAILABILITY = YES_AGGRESSIVE;
				CLANG_WARN_UNREACHABLE_CODE = YES;
				CLANG_WARN__DUPLICATE_METHOD_MATCH = YES;
				COPY_PHASE_STRIP = NO;
				DEBUG_INFORMATION_FORMAT = "dwarf-with-dsym";
				ENABLE_NS_ASSERTIONS = NO;
				ENABLE_STRICT_OBJC_MSGSEND = YES;
				GCC_C_LANGUAGE_STANDARD = gnu11;
				GCC_NO_COMMON_BLOCKS = YES;
				GCC_WARN_64_TO_32_BIT_CONVERSION = YES;
				GCC_WARN_ABOUT_RETURN_TYPE = YES_ERROR;
				GCC_WARN_UNDECLARED_SELECTOR = YES;
				GCC_WARN_UNINITIALIZED_AUTOS = YES_AGGRESSIVE;
				GCC_WARN_UNUSED_FUNCTION = YES;
				GCC_WARN_UNUSED_VARIABLE = YES;
				MTL_ENABLE_DEBUG_INFO = NO;
				MTL_FAST_MATH = YES;
				SWIFT_COMPILATION_MODE = wholemodule;
				SWIFT_OPTIMIZATION_LEVEL = "-O";
			};
			name = Release;
		};
		74A8967126B4563F00E828FF /* Debug */ = {
			isa = XCBuildConfiguration;
			buildSettings = {
				ASSETCATALOG_COMPILER_APPICON_NAME = AppIcon;
				ASSETCATALOG_COMPILER_GLOBAL_ACCENT_COLOR_NAME = AccentColor;
				CODE_SIGN_ENTITLEMENTS = "SKImageGrid (iOS).entitlements";
				CODE_SIGN_STYLE = Automatic;
				CURRENT_PROJECT_VERSION = 1;
				DEVELOPMENT_TEAM = 75B22CD4TC;
				ENABLE_PREVIEWS = YES;
				GENERATE_INFOPLIST_FILE = YES;
				INFOPLIST_KEY_UIApplicationSceneManifest_Generation = YES;
				INFOPLIST_KEY_UIApplicationSupportsIndirectInputEvents = YES;
				INFOPLIST_KEY_UILaunchScreen_Generation = YES;
				INFOPLIST_KEY_UISupportedInterfaceOrientations = "UIInterfaceOrientationLandscapeLeft UIInterfaceOrientationLandscapeRight";
				INFOPLIST_KEY_UISupportedInterfaceOrientations_iPad = "UIInterfaceOrientationPortrait UIInterfaceOrientationPortraitUpsideDown UIInterfaceOrientationLandscapeLeft UIInterfaceOrientationLandscapeRight";
				INFOPLIST_KEY_UISupportedInterfaceOrientations_iPhone = "UIInterfaceOrientationPortrait UIInterfaceOrientationLandscapeLeft UIInterfaceOrientationLandscapeRight";
				IPHONEOS_DEPLOYMENT_TARGET = 14.0;
				LD_RUNPATH_SEARCH_PATHS = (
					"$(inherited)",
					"@executable_path/Frameworks",
				);
				MARKETING_VERSION = 1.0;
				PRODUCT_BUNDLE_IDENTIFIER = BRP.SKImageGrid;
				PRODUCT_NAME = SKImageGrid;
				SDKROOT = iphoneos;
				SUPPORTS_MACCATALYST = NO;
				SWIFT_EMIT_LOC_STRINGS = YES;
				SWIFT_VERSION = 5.0;
				TARGETED_DEVICE_FAMILY = "1,2";
			};
			name = Debug;
		};
		74A8967226B4563F00E828FF /* Release */ = {
			isa = XCBuildConfiguration;
			buildSettings = {
				ASSETCATALOG_COMPILER_APPICON_NAME = AppIcon;
				ASSETCATALOG_COMPILER_GLOBAL_ACCENT_COLOR_NAME = AccentColor;
				CODE_SIGN_ENTITLEMENTS = "SKImageGrid (iOS).entitlements";
				CODE_SIGN_STYLE = Automatic;
				CURRENT_PROJECT_VERSION = 1;
				DEVELOPMENT_TEAM = 75B22CD4TC;
				ENABLE_PREVIEWS = YES;
				GENERATE_INFOPLIST_FILE = YES;
				INFOPLIST_KEY_UIApplicationSceneManifest_Generation = YES;
				INFOPLIST_KEY_UIApplicationSupportsIndirectInputEvents = YES;
				INFOPLIST_KEY_UILaunchScreen_Generation = YES;
				INFOPLIST_KEY_UISupportedInterfaceOrientations = "UIInterfaceOrientationLandscapeLeft UIInterfaceOrientationLandscapeRight";
				INFOPLIST_KEY_UISupportedInterfaceOrientations_iPad = "UIInterfaceOrientationPortrait UIInterfaceOrientationPortraitUpsideDown UIInterfaceOrientationLandscapeLeft UIInterfaceOrientationLandscapeRight";
				INFOPLIST_KEY_UISupportedInterfaceOrientations_iPhone = "UIInterfaceOrientationPortrait UIInterfaceOrientationLandscapeLeft UIInterfaceOrientationLandscapeRight";
				IPHONEOS_DEPLOYMENT_TARGET = 14.0;
				LD_RUNPATH_SEARCH_PATHS = (
					"$(inherited)",
					"@executable_path/Frameworks",
				);
				MARKETING_VERSION = 1.0;
				PRODUCT_BUNDLE_IDENTIFIER = BRP.SKImageGrid;
				PRODUCT_NAME = SKImageGrid;
				SDKROOT = iphoneos;
				SUPPORTS_MACCATALYST = NO;
				SWIFT_EMIT_LOC_STRINGS = YES;
				SWIFT_VERSION = 5.0;
				TARGETED_DEVICE_FAMILY = "1,2";
				VALIDATE_PRODUCT = YES;
			};
			name = Release;
		};
		74A8967426B4563F00E828FF /* Debug */ = {
			isa = XCBuildConfiguration;
			buildSettings = {
				ASSETCATALOG_COMPILER_APPICON_NAME = AppIcon;
				ASSETCATALOG_COMPILER_GLOBAL_ACCENT_COLOR_NAME = AccentColor;
				CODE_SIGN_STYLE = Automatic;
				COMBINE_HIDPI_IMAGES = YES;
				CURRENT_PROJECT_VERSION = 1;
				DEVELOPMENT_TEAM = 75B22CD4TC;
				ENABLE_APP_SANDBOX = YES;
				ENABLE_HARDENED_RUNTIME = YES;
				ENABLE_PREVIEWS = YES;
				ENABLE_USER_SELECTED_FILES = readonly;
				GENERATE_INFOPLIST_FILE = YES;
				INFOPLIST_KEY_NSHumanReadableCopyright = "";
				LD_RUNPATH_SEARCH_PATHS = (
					"$(inherited)",
					"@executable_path/../Frameworks",
				);
				MACOSX_DEPLOYMENT_TARGET = 11.0;
				MARKETING_VERSION = 1.0;
				PRODUCT_BUNDLE_IDENTIFIER = BRP.SKImageGrid;
				PRODUCT_NAME = SKImageGrid;
				SDKROOT = macosx;
				SWIFT_EMIT_LOC_STRINGS = YES;
				SWIFT_VERSION = 5.0;
			};
			name = Debug;
		};
		74A8967526B4563F00E828FF /* Release */ = {
			isa = XCBuildConfiguration;
			buildSettings = {
				ASSETCATALOG_COMPILER_APPICON_NAME = AppIcon;
				ASSETCATALOG_COMPILER_GLOBAL_ACCENT_COLOR_NAME = AccentColor;
				CODE_SIGN_STYLE = Automatic;
				COMBINE_HIDPI_IMAGES = YES;
				CURRENT_PROJECT_VERSION = 1;
				DEVELOPMENT_TEAM = 75B22CD4TC;
				ENABLE_APP_SANDBOX = YES;
				ENABLE_HARDENED_RUNTIME = YES;
				ENABLE_PREVIEWS = YES;
				ENABLE_USER_SELECTED_FILES = readonly;
				GENERATE_INFOPLIST_FILE = YES;
				INFOPLIST_KEY_NSHumanReadableCopyright = "";
				LD_RUNPATH_SEARCH_PATHS = (
					"$(inherited)",
					"@executable_path/../Frameworks",
				);
				MACOSX_DEPLOYMENT_TARGET = 11.0;
				MARKETING_VERSION = 1.0;
				PRODUCT_BUNDLE_IDENTIFIER = BRP.SKImageGrid;
				PRODUCT_NAME = SKImageGrid;
				SDKROOT = macosx;
				SWIFT_EMIT_LOC_STRINGS = YES;
				SWIFT_VERSION = 5.0;
			};
			name = Release;
		};
/* End XCBuildConfiguration section */

/* Begin XCConfigurationList section */
		74A8965826B4563D00E828FF /* Build configuration list for PBXProject "SKImageGrid" */ = {
			isa = XCConfigurationList;
			buildConfigurations = (
				74A8966E26B4563F00E828FF /* Debug */,
				74A8966F26B4563F00E828FF /* Release */,
			);
			defaultConfigurationIsVisible = 0;
			defaultConfigurationName = Release;
		};
		74A8967026B4563F00E828FF /* Build configuration list for PBXNativeTarget "SKImageGrid (iOS)" */ = {
			isa = XCConfigurationList;
			buildConfigurations = (
				74A8967126B4563F00E828FF /* Debug */,
				74A8967226B4563F00E828FF /* Release */,
			);
			defaultConfigurationIsVisible = 0;
			defaultConfigurationName = Release;
		};
		74A8967326B4563F00E828FF /* Build configuration list for PBXNativeTarget "SKImageGrid (macOS)" */ = {
			isa = XCConfigurationList;
			buildConfigurations = (
				74A8967426B4563F00E828FF /* Debug */,
				74A8967526B4563F00E828FF /* Release */,
			);
			defaultConfigurationIsVisible = 0;
			defaultConfigurationName = Release;
		};
/* End XCConfigurationList section */
	};
	rootObject = 74A8965526B4563D00E828FF /* Project object */;
}
